// !$*UTF8*$!
{
	archiveVersion = 1;
	classes = {
	};
	objectVersion = 46;
	objects = {

/* Begin PBXBuildFile section */
		A36E91B71CBCE9B50053429A /* AFHTTPRequestOperation.m in Sources */ = {isa = PBXBuildFile; fileRef = A36E91851CBCE9B50053429A /* AFHTTPRequestOperation.m */; };
		A36E91B81CBCE9B50053429A /* AFHTTPRequestOperationManager.m in Sources */ = {isa = PBXBuildFile; fileRef = A36E91871CBCE9B50053429A /* AFHTTPRequestOperationManager.m */; };
		A36E91B91CBCE9B50053429A /* AFHTTPSessionManager.m in Sources */ = {isa = PBXBuildFile; fileRef = A36E91891CBCE9B50053429A /* AFHTTPSessionManager.m */; };
		A36E91BA1CBCE9B50053429A /* AFNetworkReachabilityManager.m in Sources */ = {isa = PBXBuildFile; fileRef = A36E918C1CBCE9B50053429A /* AFNetworkReachabilityManager.m */; };
		A36E91BB1CBCE9B50053429A /* AFSecurityPolicy.m in Sources */ = {isa = PBXBuildFile; fileRef = A36E918E1CBCE9B50053429A /* AFSecurityPolicy.m */; };
		A36E91BC1CBCE9B50053429A /* AFURLConnectionOperation.m in Sources */ = {isa = PBXBuildFile; fileRef = A36E91901CBCE9B50053429A /* AFURLConnectionOperation.m */; };
		A36E91BD1CBCE9B50053429A /* AFURLRequestSerialization.m in Sources */ = {isa = PBXBuildFile; fileRef = A36E91921CBCE9B50053429A /* AFURLRequestSerialization.m */; };
		A36E91BE1CBCE9B50053429A /* AFURLResponseSerialization.m in Sources */ = {isa = PBXBuildFile; fileRef = A36E91941CBCE9B50053429A /* AFURLResponseSerialization.m */; };
		A36E91BF1CBCE9B50053429A /* AFURLSessionManager.m in Sources */ = {isa = PBXBuildFile; fileRef = A36E91961CBCE9B50053429A /* AFURLSessionManager.m */; };
		A36E91C01CBCE9B50053429A /* LICENSE in Resources */ = {isa = PBXBuildFile; fileRef = A36E91971CBCE9B50053429A /* LICENSE */; };
		A36E91C11CBCE9B50053429A /* README.md in Sources */ = {isa = PBXBuildFile; fileRef = A36E91981CBCE9B50053429A /* README.md */; };
		A36E91C21CBCE9B50053429A /* AFNetworkActivityIndicatorManager.m in Sources */ = {isa = PBXBuildFile; fileRef = A36E919B1CBCE9B50053429A /* AFNetworkActivityIndicatorManager.m */; };
		A36E91C31CBCE9B50053429A /* UIActivityIndicatorView+AFNetworking.m in Sources */ = {isa = PBXBuildFile; fileRef = A36E919D1CBCE9B50053429A /* UIActivityIndicatorView+AFNetworking.m */; };
		A36E91C41CBCE9B50053429A /* UIAlertView+AFNetworking.m in Sources */ = {isa = PBXBuildFile; fileRef = A36E919F1CBCE9B50053429A /* UIAlertView+AFNetworking.m */; };
		A36E91C51CBCE9B50053429A /* UIButton+AFNetworking.m in Sources */ = {isa = PBXBuildFile; fileRef = A36E91A11CBCE9B50053429A /* UIButton+AFNetworking.m */; };
		A36E91C61CBCE9B50053429A /* UIImageView+AFNetworking.m in Sources */ = {isa = PBXBuildFile; fileRef = A36E91A31CBCE9B50053429A /* UIImageView+AFNetworking.m */; };
		A36E91C71CBCE9B50053429A /* UIProgressView+AFNetworking.m in Sources */ = {isa = PBXBuildFile; fileRef = A36E91A61CBCE9B50053429A /* UIProgressView+AFNetworking.m */; };
		A36E91C81CBCE9B50053429A /* UIRefreshControl+AFNetworking.m in Sources */ = {isa = PBXBuildFile; fileRef = A36E91A81CBCE9B50053429A /* UIRefreshControl+AFNetworking.m */; };
		A36E91C91CBCE9B50053429A /* UIWebView+AFNetworking.m in Sources */ = {isa = PBXBuildFile; fileRef = A36E91AA1CBCE9B50053429A /* UIWebView+AFNetworking.m */; };
		A36E91CA1CBCE9B50053429A /* AppDelegate.m in Sources */ = {isa = PBXBuildFile; fileRef = A36E91AC1CBCE9B50053429A /* AppDelegate.m */; };
		A36E91CB1CBCE9B50053429A /* LaunchScreen.xib in Resources */ = {isa = PBXBuildFile; fileRef = A36E91AE1CBCE9B50053429A /* LaunchScreen.xib */; };
		A36E91CC1CBCE9B50053429A /* Main.storyboard in Resources */ = {isa = PBXBuildFile; fileRef = A36E91B01CBCE9B50053429A /* Main.storyboard */; };
		A36E91CD1CBCE9B50053429A /* Images.xcassets in Resources */ = {isa = PBXBuildFile; fileRef = A36E91B21CBCE9B50053429A /* Images.xcassets */; };
		A36E91CE1CBCE9B50053429A /* Info.plist in Resources */ = {isa = PBXBuildFile; fileRef = A36E91B31CBCE9B50053429A /* Info.plist */; };
		A36E91CF1CBCE9B50053429A /* main.m in Sources */ = {isa = PBXBuildFile; fileRef = A36E91B41CBCE9B50053429A /* main.m */; };
		A36E91D01CBCE9B50053429A /* ViewController.m in Sources */ = {isa = PBXBuildFile; fileRef = A36E91B61CBCE9B50053429A /* ViewController.m */; };
		A36E91D61CBCEA240053429A /* LoadingView.m in Sources */ = {isa = PBXBuildFile; fileRef = A36E91D31CBCEA240053429A /* LoadingView.m */; };
		A36E91D71CBCEA240053429A /* RYFNetworkHttpRequestsManges.m in Sources */ = {isa = PBXBuildFile; fileRef = A36E91D51CBCEA240053429A /* RYFNetworkHttpRequestsManges.m */; };
		A3D5594C1B45D25C00D5E94D /* RYFNetworkHttpRequestsMangesTests.m in Sources */ = {isa = PBXBuildFile; fileRef = A3D5594B1B45D25C00D5E94D /* RYFNetworkHttpRequestsMangesTests.m */; };
/* End PBXBuildFile section */

/* Begin PBXContainerItemProxy section */
		A3D559461B45D25C00D5E94D /* PBXContainerItemProxy */ = {
			isa = PBXContainerItemProxy;
			containerPortal = A3D559241B45D25C00D5E94D /* Project object */;
			proxyType = 1;
			remoteGlobalIDString = A3D5592B1B45D25C00D5E94D;
			remoteInfo = RYFNetworkHttpRequestsManges;
		};
/* End PBXContainerItemProxy section */

/* Begin PBXFileReference section */
		A36E91841CBCE9B50053429A /* AFHTTPRequestOperation.h */ = {isa = PBXFileReference; fileEncoding = 4; lastKnownFileType = sourcecode.c.h; path = AFHTTPRequestOperation.h; sourceTree = "<group>"; };
		A36E91851CBCE9B50053429A /* AFHTTPRequestOperation.m */ = {isa = PBXFileReference; fileEncoding = 4; lastKnownFileType = sourcecode.c.objc; path = AFHTTPRequestOperation.m; sourceTree = "<group>"; };
		A36E91861CBCE9B50053429A /* AFHTTPRequestOperationManager.h */ = {isa = PBXFileReference; fileEncoding = 4; lastKnownFileType = sourcecode.c.h; path = AFHTTPRequestOperationManager.h; sourceTree = "<group>"; };
		A36E91871CBCE9B50053429A /* AFHTTPRequestOperationManager.m */ = {isa = PBXFileReference; fileEncoding = 4; lastKnownFileType = sourcecode.c.objc; path = AFHTTPRequestOperationManager.m; sourceTree = "<group>"; };
		A36E91881CBCE9B50053429A /* AFHTTPSessionManager.h */ = {isa = PBXFileReference; fileEncoding = 4; lastKnownFileType = sourcecode.c.h; path = AFHTTPSessionManager.h; sourceTree = "<group>"; };
		A36E91891CBCE9B50053429A /* AFHTTPSessionManager.m */ = {isa = PBXFileReference; fileEncoding = 4; lastKnownFileType = sourcecode.c.objc; path = AFHTTPSessionManager.m; sourceTree = "<group>"; };
		A36E918A1CBCE9B50053429A /* AFNetworking.h */ = {isa = PBXFileReference; fileEncoding = 4; lastKnownFileType = sourcecode.c.h; path = AFNetworking.h; sourceTree = "<group>"; };
		A36E918B1CBCE9B50053429A /* AFNetworkReachabilityManager.h */ = {isa = PBXFileReference; fileEncoding = 4; lastKnownFileType = sourcecode.c.h; path = AFNetworkReachabilityManager.h; sourceTree = "<group>"; };
		A36E918C1CBCE9B50053429A /* AFNetworkReachabilityManager.m */ = {isa = PBXFileReference; fileEncoding = 4; lastKnownFileType = sourcecode.c.objc; path = AFNetworkReachabilityManager.m; sourceTree = "<group>"; };
		A36E918D1CBCE9B50053429A /* AFSecurityPolicy.h */ = {isa = PBXFileReference; fileEncoding = 4; lastKnownFileType = sourcecode.c.h; path = AFSecurityPolicy.h; sourceTree = "<group>"; };
		A36E918E1CBCE9B50053429A /* AFSecurityPolicy.m */ = {isa = PBXFileReference; fileEncoding = 4; lastKnownFileType = sourcecode.c.objc; path = AFSecurityPolicy.m; sourceTree = "<group>"; };
		A36E918F1CBCE9B50053429A /* AFURLConnectionOperation.h */ = {isa = PBXFileReference; fileEncoding = 4; lastKnownFileType = sourcecode.c.h; path = AFURLConnectionOperation.h; sourceTree = "<group>"; };
		A36E91901CBCE9B50053429A /* AFURLConnectionOperation.m */ = {isa = PBXFileReference; fileEncoding = 4; lastKnownFileType = sourcecode.c.objc; path = AFURLConnectionOperation.m; sourceTree = "<group>"; };
		A36E91911CBCE9B50053429A /* AFURLRequestSerialization.h */ = {isa = PBXFileReference; fileEncoding = 4; lastKnownFileType = sourcecode.c.h; path = AFURLRequestSerialization.h; sourceTree = "<group>"; };
		A36E91921CBCE9B50053429A /* AFURLRequestSerialization.m */ = {isa = PBXFileReference; fileEncoding = 4; lastKnownFileType = sourcecode.c.objc; path = AFURLRequestSerialization.m; sourceTree = "<group>"; };
		A36E91931CBCE9B50053429A /* AFURLResponseSerialization.h */ = {isa = PBXFileReference; fileEncoding = 4; lastKnownFileType = sourcecode.c.h; path = AFURLResponseSerialization.h; sourceTree = "<group>"; };
		A36E91941CBCE9B50053429A /* AFURLResponseSerialization.m */ = {isa = PBXFileReference; fileEncoding = 4; lastKnownFileType = sourcecode.c.objc; path = AFURLResponseSerialization.m; sourceTree = "<group>"; };
		A36E91951CBCE9B50053429A /* AFURLSessionManager.h */ = {isa = PBXFileReference; fileEncoding = 4; lastKnownFileType = sourcecode.c.h; path = AFURLSessionManager.h; sourceTree = "<group>"; };
		A36E91961CBCE9B50053429A /* AFURLSessionManager.m */ = {isa = PBXFileReference; fileEncoding = 4; lastKnownFileType = sourcecode.c.objc; path = AFURLSessionManager.m; sourceTree = "<group>"; };
		A36E91971CBCE9B50053429A /* LICENSE */ = {isa = PBXFileReference; fileEncoding = 4; lastKnownFileType = text; path = LICENSE; sourceTree = "<group>"; };
		A36E91981CBCE9B50053429A /* README.md */ = {isa = PBXFileReference; fileEncoding = 4; lastKnownFileType = net.daringfireball.markdown; path = README.md; sourceTree = "<group>"; };
		A36E919A1CBCE9B50053429A /* AFNetworkActivityIndicatorManager.h */ = {isa = PBXFileReference; fileEncoding = 4; lastKnownFileType = sourcecode.c.h; path = AFNetworkActivityIndicatorManager.h; sourceTree = "<group>"; };
		A36E919B1CBCE9B50053429A /* AFNetworkActivityIndicatorManager.m */ = {isa = PBXFileReference; fileEncoding = 4; lastKnownFileType = sourcecode.c.objc; path = AFNetworkActivityIndicatorManager.m; sourceTree = "<group>"; };
		A36E919C1CBCE9B50053429A /* UIActivityIndicatorView+AFNetworking.h */ = {isa = PBXFileReference; fileEncoding = 4; lastKnownFileType = sourcecode.c.h; path = "UIActivityIndicatorView+AFNetworking.h"; sourceTree = "<group>"; };
		A36E919D1CBCE9B50053429A /* UIActivityIndicatorView+AFNetworking.m */ = {isa = PBXFileReference; fileEncoding = 4; lastKnownFileType = sourcecode.c.objc; path = "UIActivityIndicatorView+AFNetworking.m"; sourceTree = "<group>"; };
		A36E919E1CBCE9B50053429A /* UIAlertView+AFNetworking.h */ = {isa = PBXFileReference; fileEncoding = 4; lastKnownFileType = sourcecode.c.h; path = "UIAlertView+AFNetworking.h"; sourceTree = "<group>"; };
		A36E919F1CBCE9B50053429A /* UIAlertView+AFNetworking.m */ = {isa = PBXFileReference; fileEncoding = 4; lastKnownFileType = sourcecode.c.objc; path = "UIAlertView+AFNetworking.m"; sourceTree = "<group>"; };
		A36E91A01CBCE9B50053429A /* UIButton+AFNetworking.h */ = {isa = PBXFileReference; fileEncoding = 4; lastKnownFileType = sourcecode.c.h; path = "UIButton+AFNetworking.h"; sourceTree = "<group>"; };
		A36E91A11CBCE9B50053429A /* UIButton+AFNetworking.m */ = {isa = PBXFileReference; fileEncoding = 4; lastKnownFileType = sourcecode.c.objc; path = "UIButton+AFNetworking.m"; sourceTree = "<group>"; };
		A36E91A21CBCE9B50053429A /* UIImageView+AFNetworking.h */ = {isa = PBXFileReference; fileEncoding = 4; lastKnownFileType = sourcecode.c.h; path = "UIImageView+AFNetworking.h"; sourceTree = "<group>"; };
		A36E91A31CBCE9B50053429A /* UIImageView+AFNetworking.m */ = {isa = PBXFileReference; fileEncoding = 4; lastKnownFileType = sourcecode.c.objc; path = "UIImageView+AFNetworking.m"; sourceTree = "<group>"; };
		A36E91A41CBCE9B50053429A /* UIKit+AFNetworking.h */ = {isa = PBXFileReference; fileEncoding = 4; lastKnownFileType = sourcecode.c.h; path = "UIKit+AFNetworking.h"; sourceTree = "<group>"; };
		A36E91A51CBCE9B50053429A /* UIProgressView+AFNetworking.h */ = {isa = PBXFileReference; fileEncoding = 4; lastKnownFileType = sourcecode.c.h; path = "UIProgressView+AFNetworking.h"; sourceTree = "<group>"; };
		A36E91A61CBCE9B50053429A /* UIProgressView+AFNetworking.m */ = {isa = PBXFileReference; fileEncoding = 4; lastKnownFileType = sourcecode.c.objc; path = "UIProgressView+AFNetworking.m"; sourceTree = "<group>"; };
		A36E91A71CBCE9B50053429A /* UIRefreshControl+AFNetworking.h */ = {isa = PBXFileReference; fileEncoding = 4; lastKnownFileType = sourcecode.c.h; path = "UIRefreshControl+AFNetworking.h"; sourceTree = "<group>"; };
		A36E91A81CBCE9B50053429A /* UIRefreshControl+AFNetworking.m */ = {isa = PBXFileReference; fileEncoding = 4; lastKnownFileType = sourcecode.c.objc; path = "UIRefreshControl+AFNetworking.m"; sourceTree = "<group>"; };
		A36E91A91CBCE9B50053429A /* UIWebView+AFNetworking.h */ = {isa = PBXFileReference; fileEncoding = 4; lastKnownFileType = sourcecode.c.h; path = "UIWebView+AFNetworking.h"; sourceTree = "<group>"; };
		A36E91AA1CBCE9B50053429A /* UIWebView+AFNetworking.m */ = {isa = PBXFileReference; fileEncoding = 4; lastKnownFileType = sourcecode.c.objc; path = "UIWebView+AFNetworking.m"; sourceTree = "<group>"; };
		A36E91AB1CBCE9B50053429A /* AppDelegate.h */ = {isa = PBXFileReference; fileEncoding = 4; lastKnownFileType = sourcecode.c.h; path = AppDelegate.h; sourceTree = "<group>"; };
		A36E91AC1CBCE9B50053429A /* AppDelegate.m */ = {isa = PBXFileReference; fileEncoding = 4; lastKnownFileType = sourcecode.c.objc; path = AppDelegate.m; sourceTree = "<group>"; };
		A36E91AF1CBCE9B50053429A /* Base */ = {isa = PBXFileReference; lastKnownFileType = file.xib; name = Base; path = LaunchScreen.xib; sourceTree = "<group>"; };
		A36E91B11CBCE9B50053429A /* Base */ = {isa = PBXFileReference; lastKnownFileType = file.storyboard; name = Base; path = Main.storyboard; sourceTree = "<group>"; };
		A36E91B21CBCE9B50053429A /* Images.xcassets */ = {isa = PBXFileReference; lastKnownFileType = folder.assetcatalog; path = Images.xcassets; sourceTree = "<group>"; };
		A36E91B31CBCE9B50053429A /* Info.plist */ = {isa = PBXFileReference; fileEncoding = 4; lastKnownFileType = text.plist.xml; path = Info.plist; sourceTree = "<group>"; };
		A36E91B41CBCE9B50053429A /* main.m */ = {isa = PBXFileReference; fileEncoding = 4; lastKnownFileType = sourcecode.c.objc; path = main.m; sourceTree = "<group>"; };
		A36E91B51CBCE9B50053429A /* ViewController.h */ = {isa = PBXFileReference; fileEncoding = 4; lastKnownFileType = sourcecode.c.h; path = ViewController.h; sourceTree = "<group>"; };
		A36E91B61CBCE9B50053429A /* ViewController.m */ = {isa = PBXFileReference; fileEncoding = 4; lastKnownFileType = sourcecode.c.objc; path = ViewController.m; sourceTree = "<group>"; };
		A36E91D21CBCEA240053429A /* LoadingView.h */ = {isa = PBXFileReference; fileEncoding = 4; lastKnownFileType = sourcecode.c.h; path = LoadingView.h; sourceTree = "<group>"; };
		A36E91D31CBCEA240053429A /* LoadingView.m */ = {isa = PBXFileReference; fileEncoding = 4; lastKnownFileType = sourcecode.c.objc; path = LoadingView.m; sourceTree = "<group>"; };
		A36E91D41CBCEA240053429A /* RYFNetworkHttpRequestsManges.h */ = {isa = PBXFileReference; fileEncoding = 4; lastKnownFileType = sourcecode.c.h; path = RYFNetworkHttpRequestsManges.h; sourceTree = "<group>"; };
		A36E91D51CBCEA240053429A /* RYFNetworkHttpRequestsManges.m */ = {isa = PBXFileReference; fileEncoding = 4; lastKnownFileType = sourcecode.c.objc; path = RYFNetworkHttpRequestsManges.m; sourceTree = "<group>"; };
		A3D5592C1B45D25C00D5E94D /* RYFNetworkHttpRequestsManges.app */ = {isa = PBXFileReference; explicitFileType = wrapper.application; includeInIndex = 0; path = RYFNetworkHttpRequestsManges.app; sourceTree = BUILT_PRODUCTS_DIR; };
		A3D559451B45D25C00D5E94D /* RYFNetworkHttpRequestsMangesTests.xctest */ = {isa = PBXFileReference; explicitFileType = wrapper.cfbundle; includeInIndex = 0; path = RYFNetworkHttpRequestsMangesTests.xctest; sourceTree = BUILT_PRODUCTS_DIR; };
		A3D5594A1B45D25C00D5E94D /* Info.plist */ = {isa = PBXFileReference; lastKnownFileType = text.plist.xml; path = Info.plist; sourceTree = "<group>"; };
		A3D5594B1B45D25C00D5E94D /* RYFNetworkHttpRequestsMangesTests.m */ = {isa = PBXFileReference; lastKnownFileType = sourcecode.c.objc; path = RYFNetworkHttpRequestsMangesTests.m; sourceTree = "<group>"; };
/* End PBXFileReference section */

/* Begin PBXFrameworksBuildPhase section */
		A3D559291B45D25C00D5E94D /* Frameworks */ = {
			isa = PBXFrameworksBuildPhase;
			buildActionMask = 2147483647;
			files = (
			);
			runOnlyForDeploymentPostprocessing = 0;
		};
		A3D559421B45D25C00D5E94D /* Frameworks */ = {
			isa = PBXFrameworksBuildPhase;
			buildActionMask = 2147483647;
			files = (
			);
			runOnlyForDeploymentPostprocessing = 0;
		};
/* End PBXFrameworksBuildPhase section */

/* Begin PBXGroup section */
		A36E91821CBCE9B50053429A /* AFNetworking */ = {
			isa = PBXGroup;
			children = (
				A36E91831CBCE9B50053429A /* AFNetworking */,
				A36E91971CBCE9B50053429A /* LICENSE */,
				A36E91981CBCE9B50053429A /* README.md */,
				A36E91991CBCE9B50053429A /* UIKit+AFNetworking */,
			);
			path = AFNetworking;
			sourceTree = "<group>";
		};
		A36E91831CBCE9B50053429A /* AFNetworking */ = {
			isa = PBXGroup;
			children = (
				A36E91841CBCE9B50053429A /* AFHTTPRequestOperation.h */,
				A36E91851CBCE9B50053429A /* AFHTTPRequestOperation.m */,
				A36E91861CBCE9B50053429A /* AFHTTPRequestOperationManager.h */,
				A36E91871CBCE9B50053429A /* AFHTTPRequestOperationManager.m */,
				A36E91881CBCE9B50053429A /* AFHTTPSessionManager.h */,
				A36E91891CBCE9B50053429A /* AFHTTPSessionManager.m */,
				A36E918A1CBCE9B50053429A /* AFNetworking.h */,
				A36E918B1CBCE9B50053429A /* AFNetworkReachabilityManager.h */,
				A36E918C1CBCE9B50053429A /* AFNetworkReachabilityManager.m */,
				A36E918D1CBCE9B50053429A /* AFSecurityPolicy.h */,
				A36E918E1CBCE9B50053429A /* AFSecurityPolicy.m */,
				A36E918F1CBCE9B50053429A /* AFURLConnectionOperation.h */,
				A36E91901CBCE9B50053429A /* AFURLConnectionOperation.m */,
				A36E91911CBCE9B50053429A /* AFURLRequestSerialization.h */,
				A36E91921CBCE9B50053429A /* AFURLRequestSerialization.m */,
				A36E91931CBCE9B50053429A /* AFURLResponseSerialization.h */,
				A36E91941CBCE9B50053429A /* AFURLResponseSerialization.m */,
				A36E91951CBCE9B50053429A /* AFURLSessionManager.h */,
				A36E91961CBCE9B50053429A /* AFURLSessionManager.m */,
			);
			path = AFNetworking;
			sourceTree = "<group>";
		};
		A36E91991CBCE9B50053429A /* UIKit+AFNetworking */ = {
			isa = PBXGroup;
			children = (
				A36E919A1CBCE9B50053429A /* AFNetworkActivityIndicatorManager.h */,
				A36E919B1CBCE9B50053429A /* AFNetworkActivityIndicatorManager.m */,
				A36E919C1CBCE9B50053429A /* UIActivityIndicatorView+AFNetworking.h */,
				A36E919D1CBCE9B50053429A /* UIActivityIndicatorView+AFNetworking.m */,
				A36E919E1CBCE9B50053429A /* UIAlertView+AFNetworking.h */,
				A36E919F1CBCE9B50053429A /* UIAlertView+AFNetworking.m */,
				A36E91A01CBCE9B50053429A /* UIButton+AFNetworking.h */,
				A36E91A11CBCE9B50053429A /* UIButton+AFNetworking.m */,
				A36E91A21CBCE9B50053429A /* UIImageView+AFNetworking.h */,
				A36E91A31CBCE9B50053429A /* UIImageView+AFNetworking.m */,
				A36E91A41CBCE9B50053429A /* UIKit+AFNetworking.h */,
				A36E91A51CBCE9B50053429A /* UIProgressView+AFNetworking.h */,
				A36E91A61CBCE9B50053429A /* UIProgressView+AFNetworking.m */,
				A36E91A71CBCE9B50053429A /* UIRefreshControl+AFNetworking.h */,
				A36E91A81CBCE9B50053429A /* UIRefreshControl+AFNetworking.m */,
				A36E91A91CBCE9B50053429A /* UIWebView+AFNetworking.h */,
				A36E91AA1CBCE9B50053429A /* UIWebView+AFNetworking.m */,
			);
			path = "UIKit+AFNetworking";
			sourceTree = "<group>";
		};
		A36E91AD1CBCE9B50053429A /* Base.lproj */ = {
			isa = PBXGroup;
			children = (
				A36E91AE1CBCE9B50053429A /* LaunchScreen.xib */,
				A36E91B01CBCE9B50053429A /* Main.storyboard */,
			);
			path = Base.lproj;
			sourceTree = "<group>";
		};
		A36E91D11CBCEA240053429A /* RYFNetworkHttpRequestsManger */ = {
			isa = PBXGroup;
			children = (
				A36E91D21CBCEA240053429A /* LoadingView.h */,
				A36E91D31CBCEA240053429A /* LoadingView.m */,
				A36E91D41CBCEA240053429A /* RYFNetworkHttpRequestsManges.h */,
				A36E91D51CBCEA240053429A /* RYFNetworkHttpRequestsManges.m */,
			);
			path = RYFNetworkHttpRequestsManger;
			sourceTree = SOURCE_ROOT;
		};
		A3D559231B45D25C00D5E94D = {
			isa = PBXGroup;
			children = (
				A3D5592E1B45D25C00D5E94D /* RYFNetworkHttpRequestsManges */,
				A3D559481B45D25C00D5E94D /* RYFNetworkHttpRequestsMangesTests */,
				A3D5592D1B45D25C00D5E94D /* Products */,
			);
			sourceTree = "<group>";
		};
		A3D5592D1B45D25C00D5E94D /* Products */ = {
			isa = PBXGroup;
			children = (
				A3D5592C1B45D25C00D5E94D /* RYFNetworkHttpRequestsManges.app */,
				A3D559451B45D25C00D5E94D /* RYFNetworkHttpRequestsMangesTests.xctest */,
			);
			name = Products;
			sourceTree = "<group>";
		};
		A3D5592E1B45D25C00D5E94D /* RYFNetworkHttpRequestsManges */ = {
			isa = PBXGroup;
			children = (
				A36E91D11CBCEA240053429A /* RYFNetworkHttpRequestsManger */,
				A36E91821CBCE9B50053429A /* AFNetworking */,
				A36E91AB1CBCE9B50053429A /* AppDelegate.h */,
				A36E91AC1CBCE9B50053429A /* AppDelegate.m */,
				A36E91AD1CBCE9B50053429A /* Base.lproj */,
				A36E91B21CBCE9B50053429A /* Images.xcassets */,
				A36E91B31CBCE9B50053429A /* Info.plist */,
				A36E91B41CBCE9B50053429A /* main.m */,
				A36E91B51CBCE9B50053429A /* ViewController.h */,
				A36E91B61CBCE9B50053429A /* ViewController.m */,
			);
			path = RYFNetworkHttpRequestsManges;
			sourceTree = "<group>";
		};
		A3D559481B45D25C00D5E94D /* RYFNetworkHttpRequestsMangesTests */ = {
			isa = PBXGroup;
			children = (
				A3D5594B1B45D25C00D5E94D /* RYFNetworkHttpRequestsMangesTests.m */,
				A3D559491B45D25C00D5E94D /* Supporting Files */,
			);
			path = RYFNetworkHttpRequestsMangesTests;
			sourceTree = "<group>";
		};
		A3D559491B45D25C00D5E94D /* Supporting Files */ = {
			isa = PBXGroup;
			children = (
				A3D5594A1B45D25C00D5E94D /* Info.plist */,
			);
			name = "Supporting Files";
			sourceTree = "<group>";
		};
/* End PBXGroup section */

/* Begin PBXNativeTarget section */
		A3D5592B1B45D25C00D5E94D /* RYFNetworkHttpRequestsManges */ = {
			isa = PBXNativeTarget;
			buildConfigurationList = A3D5594F1B45D25C00D5E94D /* Build configuration list for PBXNativeTarget "RYFNetworkHttpRequestsManges" */;
			buildPhases = (
				A3D559281B45D25C00D5E94D /* Sources */,
				A3D559291B45D25C00D5E94D /* Frameworks */,
				A3D5592A1B45D25C00D5E94D /* Resources */,
			);
			buildRules = (
			);
			dependencies = (
			);
			name = RYFNetworkHttpRequestsManges;
			productName = RYFNetworkHttpRequestsManges;
			productReference = A3D5592C1B45D25C00D5E94D /* RYFNetworkHttpRequestsManges.app */;
			productType = "com.apple.product-type.application";
		};
		A3D559441B45D25C00D5E94D /* RYFNetworkHttpRequestsMangesTests */ = {
			isa = PBXNativeTarget;
			buildConfigurationList = A3D559521B45D25C00D5E94D /* Build configuration list for PBXNativeTarget "RYFNetworkHttpRequestsMangesTests" */;
			buildPhases = (
				A3D559411B45D25C00D5E94D /* Sources */,
				A3D559421B45D25C00D5E94D /* Frameworks */,
				A3D559431B45D25C00D5E94D /* Resources */,
			);
			buildRules = (
			);
			dependencies = (
				A3D559471B45D25C00D5E94D /* PBXTargetDependency */,
			);
			name = RYFNetworkHttpRequestsMangesTests;
			productName = RYFNetworkHttpRequestsMangesTests;
			productReference = A3D559451B45D25C00D5E94D /* RYFNetworkHttpRequestsMangesTests.xctest */;
			productType = "com.apple.product-type.bundle.unit-test";
		};
/* End PBXNativeTarget section */

/* Begin PBXProject section */
		A3D559241B45D25C00D5E94D /* Project object */ = {
			isa = PBXProject;
			attributes = {
				LastUpgradeCheck = 0630;
				ORGANIZATIONNAME = renyufei;
				TargetAttributes = {
					A3D5592B1B45D25C00D5E94D = {
						CreatedOnToolsVersion = 6.3.1;
					};
					A3D559441B45D25C00D5E94D = {
						CreatedOnToolsVersion = 6.3.1;
						TestTargetID = A3D5592B1B45D25C00D5E94D;
					};
				};
			};
			buildConfigurationList = A3D559271B45D25C00D5E94D /* Build configuration list for PBXProject "RYFNetworkHttpRequestsManges" */;
			compatibilityVersion = "Xcode 3.2";
			developmentRegion = English;
			hasScannedForEncodings = 0;
			knownRegions = (
				en,
				Base,
			);
			mainGroup = A3D559231B45D25C00D5E94D;
			productRefGroup = A3D5592D1B45D25C00D5E94D /* Products */;
			projectDirPath = "";
			projectRoot = "";
			targets = (
				A3D5592B1B45D25C00D5E94D /* RYFNetworkHttpRequestsManges */,
				A3D559441B45D25C00D5E94D /* RYFNetworkHttpRequestsMangesTests */,
			);
		};
/* End PBXProject section */

/* Begin PBXResourcesBuildPhase section */
		A3D5592A1B45D25C00D5E94D /* Resources */ = {
			isa = PBXResourcesBuildPhase;
			buildActionMask = 2147483647;
			files = (
				A36E91CC1CBCE9B50053429A /* Main.storyboard in Resources */,
				A36E91CD1CBCE9B50053429A /* Images.xcassets in Resources */,
				A36E91CB1CBCE9B50053429A /* LaunchScreen.xib in Resources */,
				A36E91CE1CBCE9B50053429A /* Info.plist in Resources */,
				A36E91C01CBCE9B50053429A /* LICENSE in Resources */,
			);
			runOnlyForDeploymentPostprocessing = 0;
		};
		A3D559431B45D25C00D5E94D /* Resources */ = {
			isa = PBXResourcesBuildPhase;
			buildActionMask = 2147483647;
			files = (
			);
			runOnlyForDeploymentPostprocessing = 0;
		};
/* End PBXResourcesBuildPhase section */

/* Begin PBXSourcesBuildPhase section */
		A3D559281B45D25C00D5E94D /* Sources */ = {
			isa = PBXSourcesBuildPhase;
			buildActionMask = 2147483647;
			files = (
				A36E91D01CBCE9B50053429A /* ViewController.m in Sources */,
				A36E91CA1CBCE9B50053429A /* AppDelegate.m in Sources */,
				A36E91C71CBCE9B50053429A /* UIProgressView+AFNetworking.m in Sources */,
				A36E91BF1CBCE9B50053429A /* AFURLSessionManager.m in Sources */,
				A36E91C91CBCE9B50053429A /* UIWebView+AFNetworking.m in Sources */,
				A36E91C61CBCE9B50053429A /* UIImageView+AFNetworking.m in Sources */,
				A36E91B91CBCE9B50053429A /* AFHTTPSessionManager.m in Sources */,
				A36E91C51CBCE9B50053429A /* UIButton+AFNetworking.m in Sources */,
				A36E91C41CBCE9B50053429A /* UIAlertView+AFNetworking.m in Sources */,
				A36E91C11CBCE9B50053429A /* README.md in Sources */,
				A36E91C81CBCE9B50053429A /* UIRefreshControl+AFNetworking.m in Sources */,
				A36E91CF1CBCE9B50053429A /* main.m in Sources */,
				A36E91D71CBCEA240053429A /* RYFNetworkHttpRequestsManges.m in Sources */,
				A36E91BB1CBCE9B50053429A /* AFSecurityPolicy.m in Sources */,
				A36E91C21CBCE9B50053429A /* AFNetworkActivityIndicatorManager.m in Sources */,
				A36E91B81CBCE9B50053429A /* AFHTTPRequestOperationManager.m in Sources */,
				A36E91C31CBCE9B50053429A /* UIActivityIndicatorView+AFNetworking.m in Sources */,
				A36E91BA1CBCE9B50053429A /* AFNetworkReachabilityManager.m in Sources */,
				A36E91D61CBCEA240053429A /* LoadingView.m in Sources */,
				A36E91BC1CBCE9B50053429A /* AFURLConnectionOperation.m in Sources */,
				A36E91BD1CBCE9B50053429A /* AFURLRequestSerialization.m in Sources */,
				A36E91BE1CBCE9B50053429A /* AFURLResponseSerialization.m in Sources */,
				A36E91B71CBCE9B50053429A /* AFHTTPRequestOperation.m in Sources */,
			);
			runOnlyForDeploymentPostprocessing = 0;
		};
		A3D559411B45D25C00D5E94D /* Sources */ = {
			isa = PBXSourcesBuildPhase;
			buildActionMask = 2147483647;
			files = (
				A3D5594C1B45D25C00D5E94D /* RYFNetworkHttpRequestsMangesTests.m in Sources */,
			);
			runOnlyForDeploymentPostprocessing = 0;
		};
/* End PBXSourcesBuildPhase section */

/* Begin PBXTargetDependency section */
		A3D559471B45D25C00D5E94D /* PBXTargetDependency */ = {
			isa = PBXTargetDependency;
			target = A3D5592B1B45D25C00D5E94D /* RYFNetworkHttpRequestsManges */;
			targetProxy = A3D559461B45D25C00D5E94D /* PBXContainerItemProxy */;
		};
/* End PBXTargetDependency section */

/* Begin PBXVariantGroup section */
		A36E91AE1CBCE9B50053429A /* LaunchScreen.xib */ = {
			isa = PBXVariantGroup;
			children = (
				A36E91AF1CBCE9B50053429A /* Base */,
			);
			name = LaunchScreen.xib;
			sourceTree = "<group>";
		};
		A36E91B01CBCE9B50053429A /* Main.storyboard */ = {
			isa = PBXVariantGroup;
			children = (
				A36E91B11CBCE9B50053429A /* Base */,
			);
			name = Main.storyboard;
			sourceTree = "<group>";
		};
/* End PBXVariantGroup section */

/* Begin XCBuildConfiguration section */
		A3D5594D1B45D25C00D5E94D /* Debug */ = {
			isa = XCBuildConfiguration;
			buildSettings = {
				ALWAYS_SEARCH_USER_PATHS = NO;
				CLANG_CXX_LANGUAGE_STANDARD = "gnu++0x";
				CLANG_CXX_LIBRARY = "libc++";
				CLANG_ENABLE_MODULES = YES;
				CLANG_ENABLE_OBJC_ARC = YES;
				CLANG_WARN_BOOL_CONVERSION = YES;
				CLANG_WARN_CONSTANT_CONVERSION = YES;
				CLANG_WARN_DIRECT_OBJC_ISA_USAGE = YES_ERROR;
				CLANG_WARN_EMPTY_BODY = YES;
				CLANG_WARN_ENUM_CONVERSION = YES;
				CLANG_WARN_INT_CONVERSION = YES;
				CLANG_WARN_OBJC_ROOT_CLASS = YES_ERROR;
				CLANG_WARN_UNREACHABLE_CODE = YES;
				CLANG_WARN__DUPLICATE_METHOD_MATCH = YES;
				"CODE_SIGN_IDENTITY[sdk=iphoneos*]" = "iPhone Developer";
				COPY_PHASE_STRIP = NO;
				DEBUG_INFORMATION_FORMAT = "dwarf-with-dsym";
				ENABLE_STRICT_OBJC_MSGSEND = YES;
				GCC_C_LANGUAGE_STANDARD = gnu99;
				GCC_DYNAMIC_NO_PIC = NO;
				GCC_NO_COMMON_BLOCKS = YES;
				GCC_OPTIMIZATION_LEVEL = 0;
				GCC_PREPROCESSOR_DEFINITIONS = (
					"DEBUG=1",
					"$(inherited)",
				);
				GCC_SYMBOLS_PRIVATE_EXTERN = NO;
				GCC_WARN_64_TO_32_BIT_CONVERSION = YES;
				GCC_WARN_ABOUT_RETURN_TYPE = YES_ERROR;
				GCC_WARN_UNDECLARED_SELECTOR = YES;
				GCC_WARN_UNINITIALIZED_AUTOS = YES_AGGRESSIVE;
				GCC_WARN_UNUSED_FUNCTION = YES;
				GCC_WARN_UNUSED_VARIABLE = YES;
				IPHONEOS_DEPLOYMENT_TARGET = 8.3;
				MTL_ENABLE_DEBUG_INFO = YES;
				ONLY_ACTIVE_ARCH = YES;
				SDKROOT = iphoneos;
			};
			name = Debug;
		};
		A3D5594E1B45D25C00D5E94D /* Release */ = {
			isa = XCBuildConfiguration;
			buildSettings = {
				ALWAYS_SEARCH_USER_PATHS = NO;
				CLANG_CXX_LANGUAGE_STANDARD = "gnu++0x";
				CLANG_CXX_LIBRARY = "libc++";
				CLANG_ENABLE_MODULES = YES;
				CLANG_ENABLE_OBJC_ARC = YES;
				CLANG_WARN_BOOL_CONVERSION = YES;
				CLANG_WARN_CONSTANT_CONVERSION = YES;
				CLANG_WARN_DIRECT_OBJC_ISA_USAGE = YES_ERROR;
				CLANG_WARN_EMPTY_BODY = YES;
				CLANG_WARN_ENUM_CONVERSION = YES;
				CLANG_WARN_INT_CONVERSION = YES;
				CLANG_WARN_OBJC_ROOT_CLASS = YES_ERROR;
				CLANG_WARN_UNREACHABLE_CODE = YES;
				CLANG_WARN__DUPLICATE_METHOD_MATCH = YES;
				"CODE_SIGN_IDENTITY[sdk=iphoneos*]" = "iPhone Developer";
				COPY_PHASE_STRIP = NO;
				DEBUG_INFORMATION_FORMAT = "dwarf-with-dsym";
				ENABLE_NS_ASSERTIONS = NO;
				ENABLE_STRICT_OBJC_MSGSEND = YES;
				GCC_C_LANGUAGE_STANDARD = gnu99;
				GCC_NO_COMMON_BLOCKS = YES;
				GCC_WARN_64_TO_32_BIT_CONVERSION = YES;
				GCC_WARN_ABOUT_RETURN_TYPE = YES_ERROR;
				GCC_WARN_UNDECLARED_SELECTOR = YES;
				GCC_WARN_UNINITIALIZED_AUTOS = YES_AGGRESSIVE;
				GCC_WARN_UNUSED_FUNCTION = YES;
				GCC_WARN_UNUSED_VARIABLE = YES;
				IPHONEOS_DEPLOYMENT_TARGET = 8.3;
				MTL_ENABLE_DEBUG_INFO = NO;
				SDKROOT = iphoneos;
				VALIDATE_PRODUCT = YES;
			};
			name = Release;
		};
		A3D559501B45D25C00D5E94D /* Debug */ = {
			isa = XCBuildConfiguration;
			buildSettings = {
				ASSETCATALOG_COMPILER_APPICON_NAME = AppIcon;
				INFOPLIST_FILE = RYFNetworkHttpRequestsManges/Info.plist;
				IPHONEOS_DEPLOYMENT_TARGET = 7.0;
				LD_RUNPATH_SEARCH_PATHS = "$(inherited) @executable_path/Frameworks";
				PRODUCT_NAME = "$(TARGET_NAME)";
			};
			name = Debug;
		};
		A3D559511B45D25C00D5E94D /* Release */ = {
			isa = XCBuildConfiguration;
			buildSettings = {
				ASSETCATALOG_COMPILER_APPICON_NAME = AppIcon;
				INFOPLIST_FILE = RYFNetworkHttpRequestsManges/Info.plist;
				IPHONEOS_DEPLOYMENT_TARGET = 7.0;
				LD_RUNPATH_SEARCH_PATHS = "$(inherited) @executable_path/Frameworks";
				PRODUCT_NAME = "$(TARGET_NAME)";
			};
			name = Release;
		};
		A3D559531B45D25C00D5E94D /* Debug */ = {
			isa = XCBuildConfiguration;
			buildSettings = {
				BUNDLE_LOADER = "$(TEST_HOST)";
				FRAMEWORK_SEARCH_PATHS = (
					"$(SDKROOT)/Developer/Library/Frameworks",
					"$(inherited)",
				);
				GCC_PREPROCESSOR_DEFINITIONS = (
					"DEBUG=1",
					"$(inherited)",
				);
				INFOPLIST_FILE = RYFNetworkHttpRequestsMangesTests/Info.plist;
				LD_RUNPATH_SEARCH_PATHS = "$(inherited) @executable_path/Frameworks @loader_path/Frameworks";
				PRODUCT_NAME = "$(TARGET_NAME)";
				TEST_HOST = "$(BUILT_PRODUCTS_DIR)/RYFNetworkHttpRequestsManges.app/RYFNetworkHttpRequestsManges";
			};
			name = Debug;
		};
		A3D559541B45D25C00D5E94D /* Release */ = {
			isa = XCBuildConfiguration;
			buildSettings = {
				BUNDLE_LOADER = "$(TEST_HOST)";
				FRAMEWORK_SEARCH_PATHS = (
					"$(SDKROOT)/Developer/Library/Frameworks",
					"$(inherited)",
				);
				INFOPLIST_FILE = RYFNetworkHttpRequestsMangesTests/Info.plist;
				LD_RUNPATH_SEARCH_PATHS = "$(inherited) @executable_path/Frameworks @loader_path/Frameworks";
				PRODUCT_NAME = "$(TARGET_NAME)";
				TEST_HOST = "$(BUILT_PRODUCTS_DIR)/RYFNetworkHttpRequestsManges.app/RYFNetworkHttpRequestsManges";
			};
			name = Release;
		};
/* End XCBuildConfiguration section */

/* Begin XCConfigurationList section */
		A3D559271B45D25C00D5E94D /* Build configuration list for PBXProject "RYFNetworkHttpRequestsManges" */ = {
			isa = XCConfigurationList;
			buildConfigurations = (
				A3D5594D1B45D25C00D5E94D /* Debug */,
				A3D5594E1B45D25C00D5E94D /* Release */,
			);
			defaultConfigurationIsVisible = 0;
			defaultConfigurationName = Release;
		};
		A3D5594F1B45D25C00D5E94D /* Build configuration list for PBXNativeTarget "RYFNetworkHttpRequestsManges" */ = {
			isa = XCConfigurationList;
			buildConfigurations = (
				A3D559501B45D25C00D5E94D /* Debug */,
				A3D559511B45D25C00D5E94D /* Release */,
			);
			defaultConfigurationIsVisible = 0;
			defaultConfigurationName = Release;
		};
		A3D559521B45D25C00D5E94D /* Build configuration list for PBXNativeTarget "RYFNetworkHttpRequestsMangesTests" */ = {
			isa = XCConfigurationList;
			buildConfigurations = (
				A3D559531B45D25C00D5E94D /* Debug */,
				A3D559541B45D25C00D5E94D /* Release */,
			);
			defaultConfigurationIsVisible = 0;
			defaultConfigurationName = Release;
		};
/* End XCConfigurationList section */
	};
	rootObject = A3D559241B45D25C00D5E94D /* Project object */;
}
